
Microsoft Visual Studio Solution File, Format Version 12.00
# Visual Studio Version 17
VisualStudioVersion = 17.11.35222.181
MinimumVisualStudioVersion = 10.0.40219.1
Project("{FAE04EC0-301F-11D3-BF4B-00C04F79EFBC}") = "ConsoleApp1", "ConsoleApp1\ConsoleApp1.csproj", "{61EF23AE-DFED-42AF-A504-FA029C5C9605}"
EndProject
Global
	GlobalSection(SolutionConfigurationPlatforms) = preSolution
		Debug|Any CPU = Debug|Any CPU
		Release|Any CPU = Release|Any CPU
	EndGlobalSection
	GlobalSection(ProjectConfigurationPlatforms) = postSolution
		{61EF23AE-DFED-42AF-A504-FA029C5C9605}.Debug|Any CPU.ActiveCfg = Debug|Any CPU
		{61EF23AE-DFED-42AF-A504-FA029C5C9605}.Debug|Any CPU.Build.0 = Debug|Any CPU
		{61EF23AE-DFED-42AF-A504-FA029C5C9605}.Release|Any CPU.ActiveCfg = Release|Any CPU
		{61EF23AE-DFED-42AF-A504-FA029C5C9605}.Release|Any CPU.Build.0 = Release|Any CPU
	EndGlobalSection
	GlobalSection(SolutionProperties) = preSolution
		HideSolutionNode = FALSE
	EndGlobalSection
	GlobalSection(ExtensibilityGlobals) = postSolution
		SolutionGuid = {6FA8B71C-26B2-4837-BA47-9AA9C303DA14}
	EndGlobalSection
EndGlobal
